// !$*UTF8*$!
{
	archiveVersion = 1;
	classes = {
	};
	objectVersion = 55;
	objects = {

/* Begin PBXBuildFile section */
		706E69DC272AB5EE0006BA3B /* TabBarPresenter.swift in Sources */ = {isa = PBXBuildFile; fileRef = 706E69D6272AB5EE0006BA3B /* TabBarPresenter.swift */; };
		706E69DD272AB5EE0006BA3B /* TabBarRouter.swift in Sources */ = {isa = PBXBuildFile; fileRef = 706E69D7272AB5EE0006BA3B /* TabBarRouter.swift */; };
		706E69DE272AB5EE0006BA3B /* TabBarViewController.swift in Sources */ = {isa = PBXBuildFile; fileRef = 706E69D8272AB5EE0006BA3B /* TabBarViewController.swift */; };
		706E69DF272AB5EE0006BA3B /* TabBarProtocols.swift in Sources */ = {isa = PBXBuildFile; fileRef = 706E69D9272AB5EE0006BA3B /* TabBarProtocols.swift */; };
		706E69E0272AB5EE0006BA3B /* TabBarInteractor.swift in Sources */ = {isa = PBXBuildFile; fileRef = 706E69DA272AB5EE0006BA3B /* TabBarInteractor.swift */; };
		706E69E1272AB5EE0006BA3B /* TabBarContainer.swift in Sources */ = {isa = PBXBuildFile; fileRef = 706E69DB272AB5EE0006BA3B /* TabBarContainer.swift */; };
		706E69E9272AC3130006BA3B /* MainPresenter.swift in Sources */ = {isa = PBXBuildFile; fileRef = 706E69E3272AC3130006BA3B /* MainPresenter.swift */; };
		706E69EA272AC3130006BA3B /* MainRouter.swift in Sources */ = {isa = PBXBuildFile; fileRef = 706E69E4272AC3130006BA3B /* MainRouter.swift */; };
		706E69EB272AC3130006BA3B /* MainViewController.swift in Sources */ = {isa = PBXBuildFile; fileRef = 706E69E5272AC3130006BA3B /* MainViewController.swift */; };
		706E69EC272AC3130006BA3B /* MainProtocols.swift in Sources */ = {isa = PBXBuildFile; fileRef = 706E69E6272AC3130006BA3B /* MainProtocols.swift */; };
		706E69ED272AC3130006BA3B /* MainInteractor.swift in Sources */ = {isa = PBXBuildFile; fileRef = 706E69E7272AC3130006BA3B /* MainInteractor.swift */; };
		706E69EE272AC3130006BA3B /* MainContainer.swift in Sources */ = {isa = PBXBuildFile; fileRef = 706E69E8272AC3130006BA3B /* MainContainer.swift */; };
		706E69F1272ACF250006BA3B /* TabBarItemModel.swift in Sources */ = {isa = PBXBuildFile; fileRef = 706E69F0272ACF250006BA3B /* TabBarItemModel.swift */; };
		706E69F4272AD3670006BA3B /* ColorConstants.swift in Sources */ = {isa = PBXBuildFile; fileRef = 706E69F3272AD3670006BA3B /* ColorConstants.swift */; };
		706E69FD272AEB380006BA3B /* SearchPresenter.swift in Sources */ = {isa = PBXBuildFile; fileRef = 706E69F7272AEB380006BA3B /* SearchPresenter.swift */; };
		706E69FE272AEB380006BA3B /* SearchRouter.swift in Sources */ = {isa = PBXBuildFile; fileRef = 706E69F8272AEB380006BA3B /* SearchRouter.swift */; };
		706E69FF272AEB380006BA3B /* SearchViewController.swift in Sources */ = {isa = PBXBuildFile; fileRef = 706E69F9272AEB380006BA3B /* SearchViewController.swift */; };
		706E6A00272AEB380006BA3B /* SearchProtocols.swift in Sources */ = {isa = PBXBuildFile; fileRef = 706E69FA272AEB380006BA3B /* SearchProtocols.swift */; };
		706E6A01272AEB380006BA3B /* SearchInteractor.swift in Sources */ = {isa = PBXBuildFile; fileRef = 706E69FB272AEB380006BA3B /* SearchInteractor.swift */; };
		706E6A02272AEB380006BA3B /* SearchContainer.swift in Sources */ = {isa = PBXBuildFile; fileRef = 706E69FC272AEB380006BA3B /* SearchContainer.swift */; };
		706E6A0B272AED5D0006BA3B /* CartPresenter.swift in Sources */ = {isa = PBXBuildFile; fileRef = 706E6A05272AED5D0006BA3B /* CartPresenter.swift */; };
		706E6A0C272AED5D0006BA3B /* CartRouter.swift in Sources */ = {isa = PBXBuildFile; fileRef = 706E6A06272AED5D0006BA3B /* CartRouter.swift */; };
		706E6A0D272AED5D0006BA3B /* CartViewController.swift in Sources */ = {isa = PBXBuildFile; fileRef = 706E6A07272AED5D0006BA3B /* CartViewController.swift */; };
		706E6A0E272AED5D0006BA3B /* CartProtocols.swift in Sources */ = {isa = PBXBuildFile; fileRef = 706E6A08272AED5D0006BA3B /* CartProtocols.swift */; };
		706E6A0F272AED5D0006BA3B /* CartInteractor.swift in Sources */ = {isa = PBXBuildFile; fileRef = 706E6A09272AED5D0006BA3B /* CartInteractor.swift */; };
		706E6A10272AED5D0006BA3B /* CartContainer.swift in Sources */ = {isa = PBXBuildFile; fileRef = 706E6A0A272AED5D0006BA3B /* CartContainer.swift */; };
		706E6A18272B09370006BA3B /* FilterPresenter.swift in Sources */ = {isa = PBXBuildFile; fileRef = 706E6A12272B09370006BA3B /* FilterPresenter.swift */; };
		706E6A19272B09370006BA3B /* FilterRouter.swift in Sources */ = {isa = PBXBuildFile; fileRef = 706E6A13272B09370006BA3B /* FilterRouter.swift */; };
		706E6A1A272B09370006BA3B /* FilterViewController.swift in Sources */ = {isa = PBXBuildFile; fileRef = 706E6A14272B09370006BA3B /* FilterViewController.swift */; };
		706E6A1B272B09370006BA3B /* FilterProtocols.swift in Sources */ = {isa = PBXBuildFile; fileRef = 706E6A15272B09370006BA3B /* FilterProtocols.swift */; };
		706E6A1C272B09370006BA3B /* FilterInteractor.swift in Sources */ = {isa = PBXBuildFile; fileRef = 706E6A16272B09370006BA3B /* FilterInteractor.swift */; };
		706E6A1D272B09370006BA3B /* FilterContainer.swift in Sources */ = {isa = PBXBuildFile; fileRef = 706E6A17272B09370006BA3B /* FilterContainer.swift */; };
		706E6A26272B25AF0006BA3B /* ItemDescPresenter.swift in Sources */ = {isa = PBXBuildFile; fileRef = 706E6A20272B25AF0006BA3B /* ItemDescPresenter.swift */; };
		706E6A27272B25AF0006BA3B /* ItemDescRouter.swift in Sources */ = {isa = PBXBuildFile; fileRef = 706E6A21272B25AF0006BA3B /* ItemDescRouter.swift */; };
		706E6A28272B25AF0006BA3B /* ItemDescViewController.swift in Sources */ = {isa = PBXBuildFile; fileRef = 706E6A22272B25AF0006BA3B /* ItemDescViewController.swift */; };
		706E6A29272B25AF0006BA3B /* ItemDescProtocols.swift in Sources */ = {isa = PBXBuildFile; fileRef = 706E6A23272B25AF0006BA3B /* ItemDescProtocols.swift */; };
		706E6A2A272B25AF0006BA3B /* ItemDescInteractor.swift in Sources */ = {isa = PBXBuildFile; fileRef = 706E6A24272B25AF0006BA3B /* ItemDescInteractor.swift */; };
		706E6A2B272B25AF0006BA3B /* ItemDescContainer.swift in Sources */ = {isa = PBXBuildFile; fileRef = 706E6A25272B25AF0006BA3B /* ItemDescContainer.swift */; };
		706E6A2D272B2F260006BA3B /* TitlesConstants.swift in Sources */ = {isa = PBXBuildFile; fileRef = 706E6A2C272B2F260006BA3B /* TitlesConstants.swift */; };
		706E6A30272B3F680006BA3B /* ItemDescModel.swift in Sources */ = {isa = PBXBuildFile; fileRef = 706E6A2F272B3F680006BA3B /* ItemDescModel.swift */; };
		706E6A33272B50540006BA3B /* ItemDescSectionModel.swift in Sources */ = {isa = PBXBuildFile; fileRef = 706E6A32272B50540006BA3B /* ItemDescSectionModel.swift */; };
		706E6A37272B513B0006BA3B /* BaseCell.swift in Sources */ = {isa = PBXBuildFile; fileRef = 706E6A36272B513B0006BA3B /* BaseCell.swift */; };
		706E6A3B272B522D0006BA3B /* ItemNameCell.swift in Sources */ = {isa = PBXBuildFile; fileRef = 706E6A3A272B522D0006BA3B /* ItemNameCell.swift */; };
		706E6A3D272B53C40006BA3B /* ItemDescNameCellModel.swift in Sources */ = {isa = PBXBuildFile; fileRef = 706E6A3C272B53C40006BA3B /* ItemDescNameCellModel.swift */; };
		706E6A3F272B53FF0006BA3B /* BaseCellModel.swift in Sources */ = {isa = PBXBuildFile; fileRef = 706E6A3E272B53FF0006BA3B /* BaseCellModel.swift */; };
		706E6A43272B5A750006BA3B /* SliderCellModel.swift in Sources */ = {isa = PBXBuildFile; fileRef = 706E6A42272B5A750006BA3B /* SliderCellModel.swift */; };
		706E6A45272B5C580006BA3B /* ItemSliderCell.swift in Sources */ = {isa = PBXBuildFile; fileRef = 706E6A44272B5C580006BA3B /* ItemSliderCell.swift */; };
		706E6A47272BE64C0006BA3B /* AmountDescCellModel.swift in Sources */ = {isa = PBXBuildFile; fileRef = 706E6A46272BE64C0006BA3B /* AmountDescCellModel.swift */; };
		706E6A49272BE7800006BA3B /* AmountDescCell.swift in Sources */ = {isa = PBXBuildFile; fileRef = 706E6A48272BE7800006BA3B /* AmountDescCell.swift */; };
		706E6A4B272BEC030006BA3B /* ButtonsDescModelCell.swift in Sources */ = {isa = PBXBuildFile; fileRef = 706E6A4A272BEC030006BA3B /* ButtonsDescModelCell.swift */; };
		706E6A4D272BEC7E0006BA3B /* ButtonsDescCell.swift in Sources */ = {isa = PBXBuildFile; fileRef = 706E6A4C272BEC7E0006BA3B /* ButtonsDescCell.swift */; };
		706E6A4F272BF5E10006BA3B /* AboutDescCellModel.swift in Sources */ = {isa = PBXBuildFile; fileRef = 706E6A4E272BF5E10006BA3B /* AboutDescCellModel.swift */; };
		706E6A51272BF6320006BA3B /* AboutDescCell.swift in Sources */ = {isa = PBXBuildFile; fileRef = 706E6A50272BF6320006BA3B /* AboutDescCell.swift */; };
		706E6A53272BFA400006BA3B /* SpecificationsDescCellModel.swift in Sources */ = {isa = PBXBuildFile; fileRef = 706E6A52272BFA400006BA3B /* SpecificationsDescCellModel.swift */; };
		706E6A55272BFA9D0006BA3B /* SpecificationsDescCell.swift in Sources */ = {isa = PBXBuildFile; fileRef = 706E6A54272BFA9D0006BA3B /* SpecificationsDescCell.swift */; };
		706E6A58272C1AA70006BA3B /* ImageSlideshow in Frameworks */ = {isa = PBXBuildFile; productRef = 706E6A57272C1AA70006BA3B /* ImageSlideshow */; };
		706E6A5A272C1AA70006BA3B /* ImageSlideshow/Alamofire in Frameworks */ = {isa = PBXBuildFile; productRef = 706E6A59272C1AA70006BA3B /* ImageSlideshow/Alamofire */; };
		706E6A5C272C1AA70006BA3B /* ImageSlideshow/Kingfisher in Frameworks */ = {isa = PBXBuildFile; productRef = 706E6A5B272C1AA70006BA3B /* ImageSlideshow/Kingfisher */; };
		706E6A5E272C1AA70006BA3B /* ImageSlideshow/SDWebImage in Frameworks */ = {isa = PBXBuildFile; productRef = 706E6A5D272C1AA70006BA3B /* ImageSlideshow/SDWebImage */; };
		70C419E827248FC1006214FA /* AppDelegate.swift in Sources */ = {isa = PBXBuildFile; fileRef = 70C419E727248FC1006214FA /* AppDelegate.swift */; };
		70C419EA27248FC1006214FA /* SceneDelegate.swift in Sources */ = {isa = PBXBuildFile; fileRef = 70C419E927248FC1006214FA /* SceneDelegate.swift */; };
		70C419EC27248FC1006214FA /* ViewController.swift in Sources */ = {isa = PBXBuildFile; fileRef = 70C419EB27248FC1006214FA /* ViewController.swift */; };
		70C419EF27248FC1006214FA /* Main.storyboard in Resources */ = {isa = PBXBuildFile; fileRef = 70C419ED27248FC1006214FA /* Main.storyboard */; };
		70C419F127248FC2006214FA /* Assets.xcassets in Resources */ = {isa = PBXBuildFile; fileRef = 70C419F027248FC2006214FA /* Assets.xcassets */; };
		70C419F427248FC2006214FA /* LaunchScreen.storyboard in Resources */ = {isa = PBXBuildFile; fileRef = 70C419F227248FC2006214FA /* LaunchScreen.storyboard */; };
/* End PBXBuildFile section */

/* Begin PBXFileReference section */
		706E69D6272AB5EE0006BA3B /* TabBarPresenter.swift */ = {isa = PBXFileReference; lastKnownFileType = sourcecode.swift; path = TabBarPresenter.swift; sourceTree = "<group>"; };
		706E69D7272AB5EE0006BA3B /* TabBarRouter.swift */ = {isa = PBXFileReference; lastKnownFileType = sourcecode.swift; path = TabBarRouter.swift; sourceTree = "<group>"; };
		706E69D8272AB5EE0006BA3B /* TabBarViewController.swift */ = {isa = PBXFileReference; lastKnownFileType = sourcecode.swift; path = TabBarViewController.swift; sourceTree = "<group>"; };
		706E69D9272AB5EE0006BA3B /* TabBarProtocols.swift */ = {isa = PBXFileReference; lastKnownFileType = sourcecode.swift; path = TabBarProtocols.swift; sourceTree = "<group>"; };
		706E69DA272AB5EE0006BA3B /* TabBarInteractor.swift */ = {isa = PBXFileReference; lastKnownFileType = sourcecode.swift; path = TabBarInteractor.swift; sourceTree = "<group>"; };
		706E69DB272AB5EE0006BA3B /* TabBarContainer.swift */ = {isa = PBXFileReference; lastKnownFileType = sourcecode.swift; path = TabBarContainer.swift; sourceTree = "<group>"; };
		706E69E3272AC3130006BA3B /* MainPresenter.swift */ = {isa = PBXFileReference; lastKnownFileType = sourcecode.swift; path = MainPresenter.swift; sourceTree = "<group>"; };
		706E69E4272AC3130006BA3B /* MainRouter.swift */ = {isa = PBXFileReference; lastKnownFileType = sourcecode.swift; path = MainRouter.swift; sourceTree = "<group>"; };
		706E69E5272AC3130006BA3B /* MainViewController.swift */ = {isa = PBXFileReference; lastKnownFileType = sourcecode.swift; path = MainViewController.swift; sourceTree = "<group>"; };
		706E69E6272AC3130006BA3B /* MainProtocols.swift */ = {isa = PBXFileReference; lastKnownFileType = sourcecode.swift; path = MainProtocols.swift; sourceTree = "<group>"; };
		706E69E7272AC3130006BA3B /* MainInteractor.swift */ = {isa = PBXFileReference; lastKnownFileType = sourcecode.swift; path = MainInteractor.swift; sourceTree = "<group>"; };
		706E69E8272AC3130006BA3B /* MainContainer.swift */ = {isa = PBXFileReference; lastKnownFileType = sourcecode.swift; path = MainContainer.swift; sourceTree = "<group>"; };
		706E69F0272ACF250006BA3B /* TabBarItemModel.swift */ = {isa = PBXFileReference; lastKnownFileType = sourcecode.swift; path = TabBarItemModel.swift; sourceTree = "<group>"; };
		706E69F3272AD3670006BA3B /* ColorConstants.swift */ = {isa = PBXFileReference; lastKnownFileType = sourcecode.swift; path = ColorConstants.swift; sourceTree = "<group>"; };
		706E69F7272AEB380006BA3B /* SearchPresenter.swift */ = {isa = PBXFileReference; lastKnownFileType = sourcecode.swift; path = SearchPresenter.swift; sourceTree = "<group>"; };
		706E69F8272AEB380006BA3B /* SearchRouter.swift */ = {isa = PBXFileReference; lastKnownFileType = sourcecode.swift; path = SearchRouter.swift; sourceTree = "<group>"; };
		706E69F9272AEB380006BA3B /* SearchViewController.swift */ = {isa = PBXFileReference; lastKnownFileType = sourcecode.swift; path = SearchViewController.swift; sourceTree = "<group>"; };
		706E69FA272AEB380006BA3B /* SearchProtocols.swift */ = {isa = PBXFileReference; lastKnownFileType = sourcecode.swift; path = SearchProtocols.swift; sourceTree = "<group>"; };
		706E69FB272AEB380006BA3B /* SearchInteractor.swift */ = {isa = PBXFileReference; lastKnownFileType = sourcecode.swift; path = SearchInteractor.swift; sourceTree = "<group>"; };
		706E69FC272AEB380006BA3B /* SearchContainer.swift */ = {isa = PBXFileReference; lastKnownFileType = sourcecode.swift; path = SearchContainer.swift; sourceTree = "<group>"; };
		706E6A05272AED5D0006BA3B /* CartPresenter.swift */ = {isa = PBXFileReference; lastKnownFileType = sourcecode.swift; path = CartPresenter.swift; sourceTree = "<group>"; };
		706E6A06272AED5D0006BA3B /* CartRouter.swift */ = {isa = PBXFileReference; lastKnownFileType = sourcecode.swift; path = CartRouter.swift; sourceTree = "<group>"; };
		706E6A07272AED5D0006BA3B /* CartViewController.swift */ = {isa = PBXFileReference; lastKnownFileType = sourcecode.swift; path = CartViewController.swift; sourceTree = "<group>"; };
		706E6A08272AED5D0006BA3B /* CartProtocols.swift */ = {isa = PBXFileReference; lastKnownFileType = sourcecode.swift; path = CartProtocols.swift; sourceTree = "<group>"; };
		706E6A09272AED5D0006BA3B /* CartInteractor.swift */ = {isa = PBXFileReference; lastKnownFileType = sourcecode.swift; path = CartInteractor.swift; sourceTree = "<group>"; };
		706E6A0A272AED5D0006BA3B /* CartContainer.swift */ = {isa = PBXFileReference; lastKnownFileType = sourcecode.swift; path = CartContainer.swift; sourceTree = "<group>"; };
		706E6A12272B09370006BA3B /* FilterPresenter.swift */ = {isa = PBXFileReference; lastKnownFileType = sourcecode.swift; path = FilterPresenter.swift; sourceTree = "<group>"; };
		706E6A13272B09370006BA3B /* FilterRouter.swift */ = {isa = PBXFileReference; lastKnownFileType = sourcecode.swift; path = FilterRouter.swift; sourceTree = "<group>"; };
		706E6A14272B09370006BA3B /* FilterViewController.swift */ = {isa = PBXFileReference; lastKnownFileType = sourcecode.swift; path = FilterViewController.swift; sourceTree = "<group>"; };
		706E6A15272B09370006BA3B /* FilterProtocols.swift */ = {isa = PBXFileReference; lastKnownFileType = sourcecode.swift; path = FilterProtocols.swift; sourceTree = "<group>"; };
		706E6A16272B09370006BA3B /* FilterInteractor.swift */ = {isa = PBXFileReference; lastKnownFileType = sourcecode.swift; path = FilterInteractor.swift; sourceTree = "<group>"; };
		706E6A17272B09370006BA3B /* FilterContainer.swift */ = {isa = PBXFileReference; lastKnownFileType = sourcecode.swift; path = FilterContainer.swift; sourceTree = "<group>"; };
		706E6A20272B25AF0006BA3B /* ItemDescPresenter.swift */ = {isa = PBXFileReference; lastKnownFileType = sourcecode.swift; path = ItemDescPresenter.swift; sourceTree = "<group>"; };
		706E6A21272B25AF0006BA3B /* ItemDescRouter.swift */ = {isa = PBXFileReference; lastKnownFileType = sourcecode.swift; path = ItemDescRouter.swift; sourceTree = "<group>"; };
		706E6A22272B25AF0006BA3B /* ItemDescViewController.swift */ = {isa = PBXFileReference; lastKnownFileType = sourcecode.swift; path = ItemDescViewController.swift; sourceTree = "<group>"; };
		706E6A23272B25AF0006BA3B /* ItemDescProtocols.swift */ = {isa = PBXFileReference; lastKnownFileType = sourcecode.swift; path = ItemDescProtocols.swift; sourceTree = "<group>"; };
		706E6A24272B25AF0006BA3B /* ItemDescInteractor.swift */ = {isa = PBXFileReference; lastKnownFileType = sourcecode.swift; path = ItemDescInteractor.swift; sourceTree = "<group>"; };
		706E6A25272B25AF0006BA3B /* ItemDescContainer.swift */ = {isa = PBXFileReference; lastKnownFileType = sourcecode.swift; path = ItemDescContainer.swift; sourceTree = "<group>"; };
		706E6A2C272B2F260006BA3B /* TitlesConstants.swift */ = {isa = PBXFileReference; lastKnownFileType = sourcecode.swift; path = TitlesConstants.swift; sourceTree = "<group>"; };
		706E6A2F272B3F680006BA3B /* ItemDescModel.swift */ = {isa = PBXFileReference; lastKnownFileType = sourcecode.swift; path = ItemDescModel.swift; sourceTree = "<group>"; };
		706E6A32272B50540006BA3B /* ItemDescSectionModel.swift */ = {isa = PBXFileReference; lastKnownFileType = sourcecode.swift; path = ItemDescSectionModel.swift; sourceTree = "<group>"; };
		706E6A36272B513B0006BA3B /* BaseCell.swift */ = {isa = PBXFileReference; lastKnownFileType = sourcecode.swift; path = BaseCell.swift; sourceTree = "<group>"; };
		706E6A3A272B522D0006BA3B /* ItemNameCell.swift */ = {isa = PBXFileReference; lastKnownFileType = sourcecode.swift; path = ItemNameCell.swift; sourceTree = "<group>"; };
		706E6A3C272B53C40006BA3B /* ItemDescNameCellModel.swift */ = {isa = PBXFileReference; lastKnownFileType = sourcecode.swift; path = ItemDescNameCellModel.swift; sourceTree = "<group>"; };
		706E6A3E272B53FF0006BA3B /* BaseCellModel.swift */ = {isa = PBXFileReference; lastKnownFileType = sourcecode.swift; path = BaseCellModel.swift; sourceTree = "<group>"; };
		706E6A42272B5A750006BA3B /* SliderCellModel.swift */ = {isa = PBXFileReference; lastKnownFileType = sourcecode.swift; path = SliderCellModel.swift; sourceTree = "<group>"; };
		706E6A44272B5C580006BA3B /* ItemSliderCell.swift */ = {isa = PBXFileReference; lastKnownFileType = sourcecode.swift; path = ItemSliderCell.swift; sourceTree = "<group>"; };
		706E6A46272BE64C0006BA3B /* AmountDescCellModel.swift */ = {isa = PBXFileReference; lastKnownFileType = sourcecode.swift; path = AmountDescCellModel.swift; sourceTree = "<group>"; };
		706E6A48272BE7800006BA3B /* AmountDescCell.swift */ = {isa = PBXFileReference; lastKnownFileType = sourcecode.swift; path = AmountDescCell.swift; sourceTree = "<group>"; };
		706E6A4A272BEC030006BA3B /* ButtonsDescModelCell.swift */ = {isa = PBXFileReference; lastKnownFileType = sourcecode.swift; path = ButtonsDescModelCell.swift; sourceTree = "<group>"; };
		706E6A4C272BEC7E0006BA3B /* ButtonsDescCell.swift */ = {isa = PBXFileReference; lastKnownFileType = sourcecode.swift; path = ButtonsDescCell.swift; sourceTree = "<group>"; };
		706E6A4E272BF5E10006BA3B /* AboutDescCellModel.swift */ = {isa = PBXFileReference; lastKnownFileType = sourcecode.swift; path = AboutDescCellModel.swift; sourceTree = "<group>"; };
		706E6A50272BF6320006BA3B /* AboutDescCell.swift */ = {isa = PBXFileReference; lastKnownFileType = sourcecode.swift; path = AboutDescCell.swift; sourceTree = "<group>"; };
		706E6A52272BFA400006BA3B /* SpecificationsDescCellModel.swift */ = {isa = PBXFileReference; lastKnownFileType = sourcecode.swift; path = SpecificationsDescCellModel.swift; sourceTree = "<group>"; };
		706E6A54272BFA9D0006BA3B /* SpecificationsDescCell.swift */ = {isa = PBXFileReference; lastKnownFileType = sourcecode.swift; path = SpecificationsDescCell.swift; sourceTree = "<group>"; };
		70C419E427248FC1006214FA /* MilliArt.app */ = {isa = PBXFileReference; explicitFileType = wrapper.application; includeInIndex = 0; path = MilliArt.app; sourceTree = BUILT_PRODUCTS_DIR; };
		70C419E727248FC1006214FA /* AppDelegate.swift */ = {isa = PBXFileReference; lastKnownFileType = sourcecode.swift; path = AppDelegate.swift; sourceTree = "<group>"; };
		70C419E927248FC1006214FA /* SceneDelegate.swift */ = {isa = PBXFileReference; lastKnownFileType = sourcecode.swift; path = SceneDelegate.swift; sourceTree = "<group>"; };
		70C419EB27248FC1006214FA /* ViewController.swift */ = {isa = PBXFileReference; lastKnownFileType = sourcecode.swift; path = ViewController.swift; sourceTree = "<group>"; };
		70C419EE27248FC1006214FA /* Base */ = {isa = PBXFileReference; lastKnownFileType = file.storyboard; name = Base; path = Base.lproj/Main.storyboard; sourceTree = "<group>"; };
		70C419F027248FC2006214FA /* Assets.xcassets */ = {isa = PBXFileReference; lastKnownFileType = folder.assetcatalog; path = Assets.xcassets; sourceTree = "<group>"; };
		70C419F327248FC2006214FA /* Base */ = {isa = PBXFileReference; lastKnownFileType = file.storyboard; name = Base; path = Base.lproj/LaunchScreen.storyboard; sourceTree = "<group>"; };
		70C419F527248FC2006214FA /* Info.plist */ = {isa = PBXFileReference; lastKnownFileType = text.plist.xml; path = Info.plist; sourceTree = "<group>"; };
/* End PBXFileReference section */

/* Begin PBXFrameworksBuildPhase section */
		70C419E127248FC1006214FA /* Frameworks */ = {
			isa = PBXFrameworksBuildPhase;
			buildActionMask = 2147483647;
			files = (
				706E6A5A272C1AA70006BA3B /* ImageSlideshow/Alamofire in Frameworks */,
				706E6A5E272C1AA70006BA3B /* ImageSlideshow/SDWebImage in Frameworks */,
				706E6A5C272C1AA70006BA3B /* ImageSlideshow/Kingfisher in Frameworks */,
				706E6A58272C1AA70006BA3B /* ImageSlideshow in Frameworks */,
			);
			runOnlyForDeploymentPostprocessing = 0;
		};
/* End PBXFrameworksBuildPhase section */

/* Begin PBXGroup section */
		706E69D4272AB5CC0006BA3B /* Classes */ = {
			isa = PBXGroup;
			children = (
				70C419E727248FC1006214FA /* AppDelegate.swift */,
				70C419E927248FC1006214FA /* SceneDelegate.swift */,
				706E69F2272AD3390006BA3B /* Сonstants */,
				706E6A1E272B180B0006BA3B /* Modules */,
			);
			path = Classes;
			sourceTree = "<group>";
		};
		706E69D5272AB5D60006BA3B /* TabBarModule */ = {
			isa = PBXGroup;
			children = (
				706E69EF272ACF070006BA3B /* Entity */,
				706E69D6272AB5EE0006BA3B /* TabBarPresenter.swift */,
				706E69D7272AB5EE0006BA3B /* TabBarRouter.swift */,
				706E69D8272AB5EE0006BA3B /* TabBarViewController.swift */,
				706E69D9272AB5EE0006BA3B /* TabBarProtocols.swift */,
				706E69DA272AB5EE0006BA3B /* TabBarInteractor.swift */,
				706E69DB272AB5EE0006BA3B /* TabBarContainer.swift */,
			);
			path = TabBarModule;
			sourceTree = "<group>";
		};
		706E69E2272AC2FE0006BA3B /* MainModule */ = {
			isa = PBXGroup;
			children = (
				706E69E3272AC3130006BA3B /* MainPresenter.swift */,
				706E69E4272AC3130006BA3B /* MainRouter.swift */,
				706E69E5272AC3130006BA3B /* MainViewController.swift */,
				706E69E6272AC3130006BA3B /* MainProtocols.swift */,
				706E69E7272AC3130006BA3B /* MainInteractor.swift */,
				706E69E8272AC3130006BA3B /* MainContainer.swift */,
			);
			path = MainModule;
			sourceTree = "<group>";
		};
		706E69EF272ACF070006BA3B /* Entity */ = {
			isa = PBXGroup;
			children = (
				706E69F0272ACF250006BA3B /* TabBarItemModel.swift */,
			);
			path = Entity;
			sourceTree = "<group>";
		};
		706E69F2272AD3390006BA3B /* Сonstants */ = {
			isa = PBXGroup;
			children = (
				706E69F3272AD3670006BA3B /* ColorConstants.swift */,
				706E6A2C272B2F260006BA3B /* TitlesConstants.swift */,
			);
			path = "Сonstants";
			sourceTree = "<group>";
		};
		706E6A03272AEB430006BA3B /* SearchModule */ = {
			isa = PBXGroup;
			children = (
				706E69F7272AEB380006BA3B /* SearchPresenter.swift */,
				706E69F8272AEB380006BA3B /* SearchRouter.swift */,
				706E69F9272AEB380006BA3B /* SearchViewController.swift */,
				706E69FA272AEB380006BA3B /* SearchProtocols.swift */,
				706E69FB272AEB380006BA3B /* SearchInteractor.swift */,
				706E69FC272AEB380006BA3B /* SearchContainer.swift */,
			);
			path = SearchModule;
			sourceTree = "<group>";
		};
		706E6A04272AED270006BA3B /* CartModule */ = {
			isa = PBXGroup;
			children = (
				706E6A05272AED5D0006BA3B /* CartPresenter.swift */,
				706E6A06272AED5D0006BA3B /* CartRouter.swift */,
				706E6A07272AED5D0006BA3B /* CartViewController.swift */,
				706E6A08272AED5D0006BA3B /* CartProtocols.swift */,
				706E6A09272AED5D0006BA3B /* CartInteractor.swift */,
				706E6A0A272AED5D0006BA3B /* CartContainer.swift */,
			);
			path = CartModule;
			sourceTree = "<group>";
		};
		706E6A11272B09170006BA3B /* FilterModule */ = {
			isa = PBXGroup;
			children = (
				706E6A12272B09370006BA3B /* FilterPresenter.swift */,
				706E6A13272B09370006BA3B /* FilterRouter.swift */,
				706E6A14272B09370006BA3B /* FilterViewController.swift */,
				706E6A15272B09370006BA3B /* FilterProtocols.swift */,
				706E6A16272B09370006BA3B /* FilterInteractor.swift */,
				706E6A17272B09370006BA3B /* FilterContainer.swift */,
			);
			path = FilterModule;
			sourceTree = "<group>";
		};
		706E6A1E272B180B0006BA3B /* Modules */ = {
			isa = PBXGroup;
			children = (
				706E6A1F272B258B0006BA3B /* ItemDescModule */,
				706E6A11272B09170006BA3B /* FilterModule */,
				706E6A04272AED270006BA3B /* CartModule */,
				706E69E2272AC2FE0006BA3B /* MainModule */,
				706E6A03272AEB430006BA3B /* SearchModule */,
				706E69D5272AB5D60006BA3B /* TabBarModule */,
			);
			path = Modules;
			sourceTree = "<group>";
		};
		706E6A1F272B258B0006BA3B /* ItemDescModule */ = {
			isa = PBXGroup;
			children = (
				706E6A31272B501B0006BA3B /* Model */,
				706E6A2E272B3F440006BA3B /* Entity */,
				706E6A34272B50D50006BA3B /* Views */,
				706E6A20272B25AF0006BA3B /* ItemDescPresenter.swift */,
				706E6A21272B25AF0006BA3B /* ItemDescRouter.swift */,
				706E6A23272B25AF0006BA3B /* ItemDescProtocols.swift */,
				706E6A24272B25AF0006BA3B /* ItemDescInteractor.swift */,
				706E6A25272B25AF0006BA3B /* ItemDescContainer.swift */,
			);
			path = ItemDescModule;
			sourceTree = "<group>";
		};
		706E6A2E272B3F440006BA3B /* Entity */ = {
			isa = PBXGroup;
			children = (
				706E6A2F272B3F680006BA3B /* ItemDescModel.swift */,
			);
			path = Entity;
			sourceTree = "<group>";
		};
		706E6A31272B501B0006BA3B /* Model */ = {
			isa = PBXGroup;
			children = (
				706E6A40272B5A400006BA3B /* Rows */,
				706E6A41272B5A510006BA3B /* Section */,
			);
			path = Model;
			sourceTree = "<group>";
		};
		706E6A34272B50D50006BA3B /* Views */ = {
			isa = PBXGroup;
			children = (
				706E6A35272B50EE0006BA3B /* CellViews */,
				706E6A22272B25AF0006BA3B /* ItemDescViewController.swift */,
			);
			path = Views;
			sourceTree = "<group>";
		};
		706E6A35272B50EE0006BA3B /* CellViews */ = {
			isa = PBXGroup;
			children = (
				706E6A36272B513B0006BA3B /* BaseCell.swift */,
				706E6A3A272B522D0006BA3B /* ItemNameCell.swift */,
				706E6A44272B5C580006BA3B /* ItemSliderCell.swift */,
				706E6A48272BE7800006BA3B /* AmountDescCell.swift */,
				706E6A4C272BEC7E0006BA3B /* ButtonsDescCell.swift */,
				706E6A50272BF6320006BA3B /* AboutDescCell.swift */,
				706E6A54272BFA9D0006BA3B /* SpecificationsDescCell.swift */,
			);
			path = CellViews;
			sourceTree = "<group>";
		};
		706E6A40272B5A400006BA3B /* Rows */ = {
			isa = PBXGroup;
			children = (
				706E6A3C272B53C40006BA3B /* ItemDescNameCellModel.swift */,
				706E6A42272B5A750006BA3B /* SliderCellModel.swift */,
				706E6A46272BE64C0006BA3B /* AmountDescCellModel.swift */,
				706E6A4A272BEC030006BA3B /* ButtonsDescModelCell.swift */,
				706E6A4E272BF5E10006BA3B /* AboutDescCellModel.swift */,
				706E6A52272BFA400006BA3B /* SpecificationsDescCellModel.swift */,
				706E6A3E272B53FF0006BA3B /* BaseCellModel.swift */,
			);
			path = Rows;
			sourceTree = "<group>";
		};
		706E6A41272B5A510006BA3B /* Section */ = {
			isa = PBXGroup;
			children = (
				706E6A32272B50540006BA3B /* ItemDescSectionModel.swift */,
			);
			path = Section;
			sourceTree = "<group>";
		};
		70C419DB27248FC0006214FA = {
			isa = PBXGroup;
			children = (
				70C419E627248FC1006214FA /* MilliArt */,
				70C419E527248FC1006214FA /* Products */,
			);
			sourceTree = "<group>";
		};
		70C419E527248FC1006214FA /* Products */ = {
			isa = PBXGroup;
			children = (
				70C419E427248FC1006214FA /* MilliArt.app */,
			);
			name = Products;
			sourceTree = "<group>";
		};
		70C419E627248FC1006214FA /* MilliArt */ = {
			isa = PBXGroup;
			children = (
				706E69D4272AB5CC0006BA3B /* Classes */,
				70C419EB27248FC1006214FA /* ViewController.swift */,
				70C419ED27248FC1006214FA /* Main.storyboard */,
				70C419F027248FC2006214FA /* Assets.xcassets */,
				70C419F227248FC2006214FA /* LaunchScreen.storyboard */,
				70C419F527248FC2006214FA /* Info.plist */,
			);
			path = MilliArt;
			sourceTree = "<group>";
		};
/* End PBXGroup section */

/* Begin PBXNativeTarget section */
		70C419E327248FC1006214FA /* MilliArt */ = {
			isa = PBXNativeTarget;
			buildConfigurationList = 70C419F827248FC2006214FA /* Build configuration list for PBXNativeTarget "MilliArt" */;
			buildPhases = (
				70C419E027248FC1006214FA /* Sources */,
				70C419E127248FC1006214FA /* Frameworks */,
				70C419E227248FC1006214FA /* Resources */,
			);
			buildRules = (
			);
			dependencies = (
			);
			name = MilliArt;
			packageProductDependencies = (
				706E6A57272C1AA70006BA3B /* ImageSlideshow */,
				706E6A59272C1AA70006BA3B /* ImageSlideshow/Alamofire */,
				706E6A5B272C1AA70006BA3B /* ImageSlideshow/Kingfisher */,
				706E6A5D272C1AA70006BA3B /* ImageSlideshow/SDWebImage */,
			);
			productName = MilliArt;
			productReference = 70C419E427248FC1006214FA /* MilliArt.app */;
			productType = "com.apple.product-type.application";
		};
/* End PBXNativeTarget section */

/* Begin PBXProject section */
		70C419DC27248FC0006214FA /* Project object */ = {
			isa = PBXProject;
			attributes = {
				BuildIndependentTargetsInParallel = 1;
				LastSwiftUpdateCheck = 1300;
				LastUpgradeCheck = 1300;
				TargetAttributes = {
					70C419E327248FC1006214FA = {
						CreatedOnToolsVersion = 13.0;
					};
				};
			};
			buildConfigurationList = 70C419DF27248FC0006214FA /* Build configuration list for PBXProject "MilliArt" */;
			compatibilityVersion = "Xcode 13.0";
			developmentRegion = en;
			hasScannedForEncodings = 0;
			knownRegions = (
				en,
				Base,
			);
			mainGroup = 70C419DB27248FC0006214FA;
			packageReferences = (
				706E6A56272C1AA70006BA3B /* XCRemoteSwiftPackageReference "ImageSlideshow" */,
			);
			productRefGroup = 70C419E527248FC1006214FA /* Products */;
			projectDirPath = "";
			projectRoot = "";
			targets = (
				70C419E327248FC1006214FA /* MilliArt */,
			);
		};
/* End PBXProject section */

/* Begin PBXResourcesBuildPhase section */
		70C419E227248FC1006214FA /* Resources */ = {
			isa = PBXResourcesBuildPhase;
			buildActionMask = 2147483647;
			files = (
				70C419F427248FC2006214FA /* LaunchScreen.storyboard in Resources */,
				70C419F127248FC2006214FA /* Assets.xcassets in Resources */,
				70C419EF27248FC1006214FA /* Main.storyboard in Resources */,
			);
			runOnlyForDeploymentPostprocessing = 0;
		};
/* End PBXResourcesBuildPhase section */

/* Begin PBXSourcesBuildPhase section */
		70C419E027248FC1006214FA /* Sources */ = {
			isa = PBXSourcesBuildPhase;
			buildActionMask = 2147483647;
			files = (
				706E6A28272B25AF0006BA3B /* ItemDescViewController.swift in Sources */,
				706E69E0272AB5EE0006BA3B /* TabBarInteractor.swift in Sources */,
				706E6A4F272BF5E10006BA3B /* AboutDescCellModel.swift in Sources */,
				706E69EE272AC3130006BA3B /* MainContainer.swift in Sources */,
				706E6A30272B3F680006BA3B /* ItemDescModel.swift in Sources */,
				706E6A27272B25AF0006BA3B /* ItemDescRouter.swift in Sources */,
				706E6A33272B50540006BA3B /* ItemDescSectionModel.swift in Sources */,
				706E6A2D272B2F260006BA3B /* TitlesConstants.swift in Sources */,
				706E69FD272AEB380006BA3B /* SearchPresenter.swift in Sources */,
				706E6A43272B5A750006BA3B /* SliderCellModel.swift in Sources */,
				706E69F4272AD3670006BA3B /* ColorConstants.swift in Sources */,
				706E69DC272AB5EE0006BA3B /* TabBarPresenter.swift in Sources */,
				70C419EC27248FC1006214FA /* ViewController.swift in Sources */,
				706E6A0D272AED5D0006BA3B /* CartViewController.swift in Sources */,
				706E69EC272AC3130006BA3B /* MainProtocols.swift in Sources */,
				706E6A37272B513B0006BA3B /* BaseCell.swift in Sources */,
				706E6A51272BF6320006BA3B /* AboutDescCell.swift in Sources */,
				706E6A1D272B09370006BA3B /* FilterContainer.swift in Sources */,
				706E69EB272AC3130006BA3B /* MainViewController.swift in Sources */,
				706E6A45272B5C580006BA3B /* ItemSliderCell.swift in Sources */,
				706E6A55272BFA9D0006BA3B /* SpecificationsDescCell.swift in Sources */,
				706E6A2B272B25AF0006BA3B /* ItemDescContainer.swift in Sources */,
				706E6A0E272AED5D0006BA3B /* CartProtocols.swift in Sources */,
				706E6A0B272AED5D0006BA3B /* CartPresenter.swift in Sources */,
				706E6A26272B25AF0006BA3B /* ItemDescPresenter.swift in Sources */,
				706E69ED272AC3130006BA3B /* MainInteractor.swift in Sources */,
				706E6A0C272AED5D0006BA3B /* CartRouter.swift in Sources */,
				706E6A00272AEB380006BA3B /* SearchProtocols.swift in Sources */,
				706E6A19272B09370006BA3B /* FilterRouter.swift in Sources */,
				70C419E827248FC1006214FA /* AppDelegate.swift in Sources */,
				706E6A2A272B25AF0006BA3B /* ItemDescInteractor.swift in Sources */,
				706E69FF272AEB380006BA3B /* SearchViewController.swift in Sources */,
				70C419EA27248FC1006214FA /* SceneDelegate.swift in Sources */,
				706E69E9272AC3130006BA3B /* MainPresenter.swift in Sources */,
				706E6A3B272B522D0006BA3B /* ItemNameCell.swift in Sources */,
				706E6A3D272B53C40006BA3B /* ItemDescNameCellModel.swift in Sources */,
				706E6A18272B09370006BA3B /* FilterPresenter.swift in Sources */,
				706E6A4D272BEC7E0006BA3B /* ButtonsDescCell.swift in Sources */,
				706E6A1C272B09370006BA3B /* FilterInteractor.swift in Sources */,
				706E69E1272AB5EE0006BA3B /* TabBarContainer.swift in Sources */,
				706E6A53272BFA400006BA3B /* SpecificationsDescCellModel.swift in Sources */,
				706E69DE272AB5EE0006BA3B /* TabBarViewController.swift in Sources */,
				706E6A1B272B09370006BA3B /* FilterProtocols.swift in Sources */,
				706E6A0F272AED5D0006BA3B /* CartInteractor.swift in Sources */,
				706E69F1272ACF250006BA3B /* TabBarItemModel.swift in Sources */,
				706E69DD272AB5EE0006BA3B /* TabBarRouter.swift in Sources */,
				706E6A01272AEB380006BA3B /* SearchInteractor.swift in Sources */,
				706E6A49272BE7800006BA3B /* AmountDescCell.swift in Sources */,
				706E6A1A272B09370006BA3B /* FilterViewController.swift in Sources */,
				706E6A4B272BEC030006BA3B /* ButtonsDescModelCell.swift in Sources */,
				706E69EA272AC3130006BA3B /* MainRouter.swift in Sources */,
				706E6A3F272B53FF0006BA3B /* BaseCellModel.swift in Sources */,
				706E6A02272AEB380006BA3B /* SearchContainer.swift in Sources */,
				706E69FE272AEB380006BA3B /* SearchRouter.swift in Sources */,
				706E6A29272B25AF0006BA3B /* ItemDescProtocols.swift in Sources */,
				706E6A47272BE64C0006BA3B /* AmountDescCellModel.swift in Sources */,
				706E69DF272AB5EE0006BA3B /* TabBarProtocols.swift in Sources */,
				706E6A10272AED5D0006BA3B /* CartContainer.swift in Sources */,
			);
			runOnlyForDeploymentPostprocessing = 0;
		};
/* End PBXSourcesBuildPhase section */

/* Begin PBXVariantGroup section */
		70C419ED27248FC1006214FA /* Main.storyboard */ = {
			isa = PBXVariantGroup;
			children = (
				70C419EE27248FC1006214FA /* Base */,
			);
			name = Main.storyboard;
			sourceTree = "<group>";
		};
		70C419F227248FC2006214FA /* LaunchScreen.storyboard */ = {
			isa = PBXVariantGroup;
			children = (
				70C419F327248FC2006214FA /* Base */,
			);
			name = LaunchScreen.storyboard;
			sourceTree = "<group>";
		};
/* End PBXVariantGroup section */

/* Begin XCBuildConfiguration section */
		70C419F627248FC2006214FA /* Debug */ = {
			isa = XCBuildConfiguration;
			buildSettings = {
				ALWAYS_SEARCH_USER_PATHS = NO;
				CLANG_ANALYZER_NONNULL = YES;
				CLANG_ANALYZER_NUMBER_OBJECT_CONVERSION = YES_AGGRESSIVE;
				CLANG_CXX_LANGUAGE_STANDARD = "gnu++17";
				CLANG_CXX_LIBRARY = "libc++";
				CLANG_ENABLE_MODULES = YES;
				CLANG_ENABLE_OBJC_ARC = YES;
				CLANG_ENABLE_OBJC_WEAK = YES;
				CLANG_WARN_BLOCK_CAPTURE_AUTORELEASING = YES;
				CLANG_WARN_BOOL_CONVERSION = YES;
				CLANG_WARN_COMMA = YES;
				CLANG_WARN_CONSTANT_CONVERSION = YES;
				CLANG_WARN_DEPRECATED_OBJC_IMPLEMENTATIONS = YES;
				CLANG_WARN_DIRECT_OBJC_ISA_USAGE = YES_ERROR;
				CLANG_WARN_DOCUMENTATION_COMMENTS = YES;
				CLANG_WARN_EMPTY_BODY = YES;
				CLANG_WARN_ENUM_CONVERSION = YES;
				CLANG_WARN_INFINITE_RECURSION = YES;
				CLANG_WARN_INT_CONVERSION = YES;
				CLANG_WARN_NON_LITERAL_NULL_CONVERSION = YES;
				CLANG_WARN_OBJC_IMPLICIT_RETAIN_SELF = YES;
				CLANG_WARN_OBJC_LITERAL_CONVERSION = YES;
				CLANG_WARN_OBJC_ROOT_CLASS = YES_ERROR;
				CLANG_WARN_QUOTED_INCLUDE_IN_FRAMEWORK_HEADER = YES;
				CLANG_WARN_RANGE_LOOP_ANALYSIS = YES;
				CLANG_WARN_STRICT_PROTOTYPES = YES;
				CLANG_WARN_SUSPICIOUS_MOVE = YES;
				CLANG_WARN_UNGUARDED_AVAILABILITY = YES_AGGRESSIVE;
				CLANG_WARN_UNREACHABLE_CODE = YES;
				CLANG_WARN__DUPLICATE_METHOD_MATCH = YES;
				COPY_PHASE_STRIP = NO;
				DEBUG_INFORMATION_FORMAT = dwarf;
				ENABLE_STRICT_OBJC_MSGSEND = YES;
				ENABLE_TESTABILITY = YES;
				GCC_C_LANGUAGE_STANDARD = gnu11;
				GCC_DYNAMIC_NO_PIC = NO;
				GCC_NO_COMMON_BLOCKS = YES;
				GCC_OPTIMIZATION_LEVEL = 0;
				GCC_PREPROCESSOR_DEFINITIONS = (
					"DEBUG=1",
					"$(inherited)",
				);
				GCC_WARN_64_TO_32_BIT_CONVERSION = YES;
				GCC_WARN_ABOUT_RETURN_TYPE = YES_ERROR;
				GCC_WARN_UNDECLARED_SELECTOR = YES;
				GCC_WARN_UNINITIALIZED_AUTOS = YES_AGGRESSIVE;
				GCC_WARN_UNUSED_FUNCTION = YES;
				GCC_WARN_UNUSED_VARIABLE = YES;
				IPHONEOS_DEPLOYMENT_TARGET = 15.0;
				MTL_ENABLE_DEBUG_INFO = INCLUDE_SOURCE;
				MTL_FAST_MATH = YES;
				ONLY_ACTIVE_ARCH = YES;
				SDKROOT = iphoneos;
				SWIFT_ACTIVE_COMPILATION_CONDITIONS = DEBUG;
				SWIFT_OPTIMIZATION_LEVEL = "-Onone";
			};
			name = Debug;
		};
		70C419F727248FC2006214FA /* Release */ = {
			isa = XCBuildConfiguration;
			buildSettings = {
				ALWAYS_SEARCH_USER_PATHS = NO;
				CLANG_ANALYZER_NONNULL = YES;
				CLANG_ANALYZER_NUMBER_OBJECT_CONVERSION = YES_AGGRESSIVE;
				CLANG_CXX_LANGUAGE_STANDARD = "gnu++17";
				CLANG_CXX_LIBRARY = "libc++";
				CLANG_ENABLE_MODULES = YES;
				CLANG_ENABLE_OBJC_ARC = YES;
				CLANG_ENABLE_OBJC_WEAK = YES;
				CLANG_WARN_BLOCK_CAPTURE_AUTORELEASING = YES;
				CLANG_WARN_BOOL_CONVERSION = YES;
				CLANG_WARN_COMMA = YES;
				CLANG_WARN_CONSTANT_CONVERSION = YES;
				CLANG_WARN_DEPRECATED_OBJC_IMPLEMENTATIONS = YES;
				CLANG_WARN_DIRECT_OBJC_ISA_USAGE = YES_ERROR;
				CLANG_WARN_DOCUMENTATION_COMMENTS = YES;
				CLANG_WARN_EMPTY_BODY = YES;
				CLANG_WARN_ENUM_CONVERSION = YES;
				CLANG_WARN_INFINITE_RECURSION = YES;
				CLANG_WARN_INT_CONVERSION = YES;
				CLANG_WARN_NON_LITERAL_NULL_CONVERSION = YES;
				CLANG_WARN_OBJC_IMPLICIT_RETAIN_SELF = YES;
				CLANG_WARN_OBJC_LITERAL_CONVERSION = YES;
				CLANG_WARN_OBJC_ROOT_CLASS = YES_ERROR;
				CLANG_WARN_QUOTED_INCLUDE_IN_FRAMEWORK_HEADER = YES;
				CLANG_WARN_RANGE_LOOP_ANALYSIS = YES;
				CLANG_WARN_STRICT_PROTOTYPES = YES;
				CLANG_WARN_SUSPICIOUS_MOVE = YES;
				CLANG_WARN_UNGUARDED_AVAILABILITY = YES_AGGRESSIVE;
				CLANG_WARN_UNREACHABLE_CODE = YES;
				CLANG_WARN__DUPLICATE_METHOD_MATCH = YES;
				COPY_PHASE_STRIP = NO;
				DEBUG_INFORMATION_FORMAT = "dwarf-with-dsym";
				ENABLE_NS_ASSERTIONS = NO;
				ENABLE_STRICT_OBJC_MSGSEND = YES;
				GCC_C_LANGUAGE_STANDARD = gnu11;
				GCC_NO_COMMON_BLOCKS = YES;
				GCC_WARN_64_TO_32_BIT_CONVERSION = YES;
				GCC_WARN_ABOUT_RETURN_TYPE = YES_ERROR;
				GCC_WARN_UNDECLARED_SELECTOR = YES;
				GCC_WARN_UNINITIALIZED_AUTOS = YES_AGGRESSIVE;
				GCC_WARN_UNUSED_FUNCTION = YES;
				GCC_WARN_UNUSED_VARIABLE = YES;
				IPHONEOS_DEPLOYMENT_TARGET = 15.0;
				MTL_ENABLE_DEBUG_INFO = NO;
				MTL_FAST_MATH = YES;
				SDKROOT = iphoneos;
				SWIFT_COMPILATION_MODE = wholemodule;
				SWIFT_OPTIMIZATION_LEVEL = "-O";
				VALIDATE_PRODUCT = YES;
			};
			name = Release;
		};
		70C419F927248FC2006214FA /* Debug */ = {
			isa = XCBuildConfiguration;
			buildSettings = {
				ASSETCATALOG_COMPILER_APPICON_NAME = AppIcon;
				ASSETCATALOG_COMPILER_GLOBAL_ACCENT_COLOR_NAME = AccentColor;
				CODE_SIGN_IDENTITY = "Apple Development";
				CODE_SIGN_STYLE = Automatic;
				CURRENT_PROJECT_VERSION = 1;
				DEVELOPMENT_TEAM = 58T4L2QKV7;
				GENERATE_INFOPLIST_FILE = YES;
				INFOPLIST_FILE = MilliArt/Info.plist;
				INFOPLIST_KEY_UIApplicationSupportsIndirectInputEvents = YES;
				INFOPLIST_KEY_UILaunchStoryboardName = LaunchScreen;
				INFOPLIST_KEY_UIMainStoryboardFile = Main;
				INFOPLIST_KEY_UISupportedInterfaceOrientations_iPad = "UIInterfaceOrientationPortrait UIInterfaceOrientationPortraitUpsideDown UIInterfaceOrientationLandscapeLeft UIInterfaceOrientationLandscapeRight";
				INFOPLIST_KEY_UISupportedInterfaceOrientations_iPhone = "UIInterfaceOrientationPortrait UIInterfaceOrientationLandscapeLeft UIInterfaceOrientationLandscapeRight";
				IPHONEOS_DEPLOYMENT_TARGET = 13.0;
				LD_RUNPATH_SEARCH_PATHS = (
					"$(inherited)",
					"@executable_path/Frameworks",
				);
				MARKETING_VERSION = 1.0;
				PRODUCT_BUNDLE_IDENTIFIER = ysnp.MilliArt.com.MilliArt;
				PRODUCT_NAME = "$(TARGET_NAME)";
				PROVISIONING_PROFILE_SPECIFIER = "";
				SWIFT_EMIT_LOC_STRINGS = YES;
				SWIFT_VERSION = 5.0;
				TARGETED_DEVICE_FAMILY = "1,2";
			};
			name = Debug;
		};
		70C419FA27248FC2006214FA /* Release */ = {
			isa = XCBuildConfiguration;
			buildSettings = {
				ASSETCATALOG_COMPILER_APPICON_NAME = AppIcon;
				ASSETCATALOG_COMPILER_GLOBAL_ACCENT_COLOR_NAME = AccentColor;
				CODE_SIGN_IDENTITY = "Apple Development";
				CODE_SIGN_STYLE = Automatic;
				CURRENT_PROJECT_VERSION = 1;
				DEVELOPMENT_TEAM = 58T4L2QKV7;
				GENERATE_INFOPLIST_FILE = YES;
				INFOPLIST_FILE = MilliArt/Info.plist;
				INFOPLIST_KEY_UIApplicationSupportsIndirectInputEvents = YES;
				INFOPLIST_KEY_UILaunchStoryboardName = LaunchScreen;
				INFOPLIST_KEY_UIMainStoryboardFile = Main;
				INFOPLIST_KEY_UISupportedInterfaceOrientations_iPad = "UIInterfaceOrientationPortrait UIInterfaceOrientationPortraitUpsideDown UIInterfaceOrientationLandscapeLeft UIInterfaceOrientationLandscapeRight";
				INFOPLIST_KEY_UISupportedInterfaceOrientations_iPhone = "UIInterfaceOrientationPortrait UIInterfaceOrientationLandscapeLeft UIInterfaceOrientationLandscapeRight";
				IPHONEOS_DEPLOYMENT_TARGET = 13.0;
				LD_RUNPATH_SEARCH_PATHS = (
					"$(inherited)",
					"@executable_path/Frameworks",
				);
				MARKETING_VERSION = 1.0;
				PRODUCT_BUNDLE_IDENTIFIER = ysnp.MilliArt.com.MilliArt;
				PRODUCT_NAME = "$(TARGET_NAME)";
				PROVISIONING_PROFILE_SPECIFIER = "";
				SWIFT_EMIT_LOC_STRINGS = YES;
				SWIFT_VERSION = 5.0;
				TARGETED_DEVICE_FAMILY = "1,2";
			};
			name = Release;
		};
/* End XCBuildConfiguration section */

/* Begin XCConfigurationList section */
		70C419DF27248FC0006214FA /* Build configuration list for PBXProject "MilliArt" */ = {
			isa = XCConfigurationList;
			buildConfigurations = (
				70C419F627248FC2006214FA /* Debug */,
				70C419F727248FC2006214FA /* Release */,
			);
			defaultConfigurationIsVisible = 0;
			defaultConfigurationName = Release;
		};
		70C419F827248FC2006214FA /* Build configuration list for PBXNativeTarget "MilliArt" */ = {
			isa = XCConfigurationList;
			buildConfigurations = (
				70C419F927248FC2006214FA /* Debug */,
				70C419FA27248FC2006214FA /* Release */,
			);
			defaultConfigurationIsVisible = 0;
			defaultConfigurationName = Release;
		};
/* End XCConfigurationList section */

/* Begin XCRemoteSwiftPackageReference section */
		706E6A56272C1AA70006BA3B /* XCRemoteSwiftPackageReference "ImageSlideshow" */ = {
			isa = XCRemoteSwiftPackageReference;
			repositoryURL = "https://github.com/zvonicek/ImageSlideshow";
			requirement = {
				kind = exactVersion;
				version = 1.9.1;
			};
		};
/* End XCRemoteSwiftPackageReference section */

/* Begin XCSwiftPackageProductDependency section */
		706E6A57272C1AA70006BA3B /* ImageSlideshow */ = {
			isa = XCSwiftPackageProductDependency;
			package = 706E6A56272C1AA70006BA3B /* XCRemoteSwiftPackageReference "ImageSlideshow" */;
			productName = ImageSlideshow;
		};
		706E6A59272C1AA70006BA3B /* ImageSlideshow/Alamofire */ = {
			isa = XCSwiftPackageProductDependency;
			package = 706E6A56272C1AA70006BA3B /* XCRemoteSwiftPackageReference "ImageSlideshow" */;
			productName = ImageSlideshow/Alamofire;
		};
		706E6A5B272C1AA70006BA3B /* ImageSlideshow/Kingfisher */ = {
			isa = XCSwiftPackageProductDependency;
			package = 706E6A56272C1AA70006BA3B /* XCRemoteSwiftPackageReference "ImageSlideshow" */;
			productName = ImageSlideshow/Kingfisher;
		};
		706E6A5D272C1AA70006BA3B /* ImageSlideshow/SDWebImage */ = {
			isa = XCSwiftPackageProductDependency;
			package = 706E6A56272C1AA70006BA3B /* XCRemoteSwiftPackageReference "ImageSlideshow" */;
			productName = ImageSlideshow/SDWebImage;
		};
/* End XCSwiftPackageProductDependency section */
	};
	rootObject = 70C419DC27248FC0006214FA /* Project object */;
}
